// !$*UTF8*$!
{
	archiveVersion = 1;
	classes = {
	};
	objectVersion = 54;
	objects = {

/* Begin PBXBuildFile section */
		09E4FEFAD3FB336B56E75817 /* EmbeddingService.swift in Sources */ = {isa = PBXBuildFile; fileRef = 45267DDA3CBC97FFE73BB3FD /* EmbeddingService.swift */; };
		0A08A8BA7F4ACCB3FE4C1DBC /* NoteEnhancementService.swift in Sources */ = {isa = PBXBuildFile; fileRef = 55674E2733543D088675A97F /* NoteEnhancementService.swift */; };
		12CFAA8B24642D9309EAA80E /* CloudKit.framework in Frameworks */ = {isa = PBXBuildFile; fileRef = F7DE3D822B24E1B9C9CC23D3 /* CloudKit.framework */; };
		13B4E5FC044365615ED2A215 /* AppStoreMetadata.md in Resources */ = {isa = PBXBuildFile; fileRef = 22D34E751DFA4D5C83E3FB45 /* AppStoreMetadata.md */; };
		1BC43AB1140F176667FC60D3 /* EmbeddingService.swift in Sources */ = {isa = PBXBuildFile; fileRef = 45267DDA3CBC97FFE73BB3FD /* EmbeddingService.swift */; };
		20647A025FE661C61B0524C9 /* FumeR12R20.swift in Sources */ = {isa = PBXBuildFile; fileRef = 1624E8337BB6FDF97E2E670E /* FumeR12R20.swift */; };
		22F5A8351B0C4B9243703708 /* LibraryViewModel.swift in Sources */ = {isa = PBXBuildFile; fileRef = F4499BC2FE4DEE5CAE49C999 /* LibraryViewModel.swift */; };
		25120B71D21FA4FF2623278E /* DatabaseService.swift in Sources */ = {isa = PBXBuildFile; fileRef = BFFB0FB8624678124BFD3C83 /* DatabaseService.swift */; };
		25467E78CA3C92573E210004 /* AppStoreMetadata.md in Resources */ = {isa = PBXBuildFile; fileRef = 22D34E751DFA4D5C83E3FB45 /* AppStoreMetadata.md */; };
		2691F64ABD346EC1930D1DFB /* SyncStatusView.swift in Sources */ = {isa = PBXBuildFile; fileRef = 708BB8697338DCEB234D7F6A /* SyncStatusView.swift */; };
		2E3433344DE863B57B680931 /* AutomationService.swift in Sources */ = {isa = PBXBuildFile; fileRef = 60BCA0E725C31F7A9460D90B /* AutomationService.swift */; };
		3057C893CCFF8CB30C195302 /* FumeR12R20Service.swift in Sources */ = {isa = PBXBuildFile; fileRef = B2F3573AEBF3018B36CE903A /* FumeR12R20Service.swift */; };
		312766EAA5B39DD3F117C967 /* FumeApp.swift in Sources */ = {isa = PBXBuildFile; fileRef = 554DD9CFFD9B9044761D79A1 /* FumeApp.swift */; };
		34704CD712BE7E1599AEA67D /* FumeR12R20.swift in Sources */ = {isa = PBXBuildFile; fileRef = 1624E8337BB6FDF97E2E670E /* FumeR12R20.swift */; };
		35FE8DA5FFE3E08C3C1215C9 /* HomeView.swift in Sources */ = {isa = PBXBuildFile; fileRef = FCE75F734BCD4366FD9158BF /* HomeView.swift */; };
		3963FAFFCC3522592A14F887 /* ErrorStateViews.swift in Sources */ = {isa = PBXBuildFile; fileRef = 08A11F60443E9F5A129710E2 /* ErrorStateViews.swift */; };
		3F82BCB2329FFFD422164A21 /* AddContentViewModel.swift in Sources */ = {isa = PBXBuildFile; fileRef = BFB4A52A5AB490F5ABDC52A5 /* AddContentViewModel.swift */; };
		41B420644CA7F688F7061E00 /* FumeTheme.swift in Sources */ = {isa = PBXBuildFile; fileRef = DB4798541EA4B5BFFEE0CA3D /* FumeTheme.swift */; };
		4809FAF79C96A88A7574AC85 /* FileImportService.swift in Sources */ = {isa = PBXBuildFile; fileRef = 4B91113E75831605DE97026F /* FileImportService.swift */; };
		49C60C387C99AB2EF2504338 /* SQLite in Frameworks */ = {isa = PBXBuildFile; productRef = D4265F11548E8CD216453E5F /* SQLite */; };
		4BBDD3EC04FD95D00327AD3C /* FumeMacApp.swift in Sources */ = {isa = PBXBuildFile; fileRef = DB4201DC25C852B2664DBE76 /* FumeMacApp.swift */; };
		4C2F5E408F43D21E626CC2BC /* AIAnalysisView.swift in Sources */ = {isa = PBXBuildFile; fileRef = 397EF9196610084E528D23E2 /* AIAnalysisView.swift */; };
		4D23424358EDD4746C4AA2DD /* OnboardingStorage.swift in Sources */ = {isa = PBXBuildFile; fileRef = BF19493A3AA2DAA3CAA8C147 /* OnboardingStorage.swift */; };
		4ECEEF9264B8D638490AAAD0 /* LibraryViewModel.swift in Sources */ = {isa = PBXBuildFile; fileRef = F4499BC2FE4DEE5CAE49C999 /* LibraryViewModel.swift */; };
		576CFB7EA3350CAEFE83E3B1 /* AppState.swift in Sources */ = {isa = PBXBuildFile; fileRef = 7C67A9128C4F4044D4DE0319 /* AppState.swift */; };
		57896B27A02A8153F6F767E1 /* NetworkMonitor.swift in Sources */ = {isa = PBXBuildFile; fileRef = 534561019EDDC30A1997B809 /* NetworkMonitor.swift */; };
		5BCE5EDE1053C38380AC0158 /* RealContent.swift in Sources */ = {isa = PBXBuildFile; fileRef = 6F279C7648779893FB8CEE2E /* RealContent.swift */; };
		5E429466ED639ED23F7CCD0C /* SourceDetailView.swift in Sources */ = {isa = PBXBuildFile; fileRef = 58664ACE4BF6E9E7387B6737 /* SourceDetailView.swift */; };
		6C2A042C3DF87BAEE00DF4AF /* ExportService.swift in Sources */ = {isa = PBXBuildFile; fileRef = 6FA7DAA3C1E69A59D9D162F8 /* ExportService.swift */; };
		7132CB86A3852255111E42AB /* DatabaseService.swift in Sources */ = {isa = PBXBuildFile; fileRef = BFFB0FB8624678124BFD3C83 /* DatabaseService.swift */; };
		730D34B99BB5DD4A8BC813D6 /* Models.swift in Sources */ = {isa = PBXBuildFile; fileRef = 7D86E3DDF41D2F33EFB1E804 /* Models.swift */; };
		82E3FB5C9EFA0AA7430ABE38 /* HomeViewModel.swift in Sources */ = {isa = PBXBuildFile; fileRef = 565BC094EFF70E4FEAD152EB /* HomeViewModel.swift */; };
		84A2EA389278D68699F3BCD4 /* AIQueryService.swift in Sources */ = {isa = PBXBuildFile; fileRef = EBB2DA8F5BAEF8E1E0A772E8 /* AIQueryService.swift */; };
		8C03A0B7BE7EDC4D4F7AE809 /* Models.swift in Sources */ = {isa = PBXBuildFile; fileRef = 7D86E3DDF41D2F33EFB1E804 /* Models.swift */; };
		8E1E8416DA73A2E2110E1D9C /* SyncService.swift in Sources */ = {isa = PBXBuildFile; fileRef = ADCF5477C27CBAEAA1DBD452 /* SyncService.swift */; };
		90077EB68CBE4201119BA1C1 /* MacLibraryView.swift in Sources */ = {isa = PBXBuildFile; fileRef = C7180E0CC1F16911B2671358 /* MacLibraryView.swift */; };
		945853A048CC303D24093F12 /* FumeGraphics.swift in Sources */ = {isa = PBXBuildFile; fileRef = E385D46E09F092CBDE07EC74 /* FumeGraphics.swift */; };
		94643BE84E0CA325D060FC9C /* SpeechService.swift in Sources */ = {isa = PBXBuildFile; fileRef = C8A67A4E4D841534DF8DEFAB /* SpeechService.swift */; };
		9AEEF39791A25DF3AA63989F /* OnboardingStorage.swift in Sources */ = {isa = PBXBuildFile; fileRef = BF19493A3AA2DAA3CAA8C147 /* OnboardingStorage.swift */; };
		9D40362A35F69355D2E19DB9 /* Assets.xcassets in Resources */ = {isa = PBXBuildFile; fileRef = 8D2A2B837E5EB585634FD596 /* Assets.xcassets */; };
		9FC161ECA1A965A4EE71FA34 /* NetworkMonitor.swift in Sources */ = {isa = PBXBuildFile; fileRef = 534561019EDDC30A1997B809 /* NetworkMonitor.swift */; };
		A23C32E1532AF5826EFC1159 /* FumeR12R20Service.swift in Sources */ = {isa = PBXBuildFile; fileRef = B2F3573AEBF3018B36CE903A /* FumeR12R20Service.swift */; };
		A30402C0BEEC1FDECBC840DD /* ErrorStateViews.swift in Sources */ = {isa = PBXBuildFile; fileRef = 08A11F60443E9F5A129710E2 /* ErrorStateViews.swift */; };
		A47C8870FF032E00CBD92DB9 /* FumeGraphics.swift in Sources */ = {isa = PBXBuildFile; fileRef = E385D46E09F092CBDE07EC74 /* FumeGraphics.swift */; };
		A9C8FBF4E79001CB2360EFA9 /* AIQueryService.swift in Sources */ = {isa = PBXBuildFile; fileRef = EBB2DA8F5BAEF8E1E0A772E8 /* AIQueryService.swift */; };
		AA9785D4C21C05A7DD44E137 /* IntelligenceService.swift in Sources */ = {isa = PBXBuildFile; fileRef = BD2D4E67AD6607D4E80D5307 /* IntelligenceService.swift */; };
		AAED34899BDEC9A2BEBF63A1 /* Assets.xcassets in Resources */ = {isa = PBXBuildFile; fileRef = 8D2A2B837E5EB585634FD596 /* Assets.xcassets */; };
		ABAF1D24086E56BBDD1F205A /* AddContentSheet.swift in Sources */ = {isa = PBXBuildFile; fileRef = 5439EE72C610D04A5A969B6B /* AddContentSheet.swift */; };
		B1E6B7B4C4C4BF42CB1D2898 /* FumeTheme.swift in Sources */ = {isa = PBXBuildFile; fileRef = DB4798541EA4B5BFFEE0CA3D /* FumeTheme.swift */; };
		B7445C156E5C5AA514BB2256 /* FileImportService.swift in Sources */ = {isa = PBXBuildFile; fileRef = 4B91113E75831605DE97026F /* FileImportService.swift */; };
		B7A0A8411AEB3255A6612CE4 /* LibraryView.swift in Sources */ = {isa = PBXBuildFile; fileRef = A533079145153552F9C93F98 /* LibraryView.swift */; };
		BD3836120ACE18D4252FF656 /* NoteEnhancementService.swift in Sources */ = {isa = PBXBuildFile; fileRef = 55674E2733543D088675A97F /* NoteEnhancementService.swift */; };
		BFD0B2FC716B7BC382862C2E /* IntelligenceService.swift in Sources */ = {isa = PBXBuildFile; fileRef = BD2D4E67AD6607D4E80D5307 /* IntelligenceService.swift */; };
		C041839171CFF27173EEC9F3 /* Info.plist in Resources */ = {isa = PBXBuildFile; fileRef = 041C450BC8BA6BE0F11C93CB /* Info.plist */; };
		BBBB1111222233334444555566677788 /* PrivacyInfo.xcprivacy in Resources */ = {isa = PBXBuildFile; fileRef = AAAA1111222233334444555566677788 /* PrivacyInfo.xcprivacy */; };
		C127713FF4E27374330B451D /* CloudKit.framework in Frameworks */ = {isa = PBXBuildFile; fileRef = F7DE3D822B24E1B9C9CC23D3 /* CloudKit.framework */; };
		C2CCD172B22967C3E87AA742 /* AppState.swift in Sources */ = {isa = PBXBuildFile; fileRef = 7C67A9128C4F4044D4DE0319 /* AppState.swift */; };
		C38AACF5D323194FE6F2EB05 /* HomeViewModel.swift in Sources */ = {isa = PBXBuildFile; fileRef = 565BC094EFF70E4FEAD152EB /* HomeViewModel.swift */; };
		C3D5AC9E788650AFD30E166B /* SQLite in Frameworks */ = {isa = PBXBuildFile; productRef = 3BD586D6D0D56DC0C65F8F76 /* SQLite */; };
		CF1789FB9F4C2F1019CC98EB /* AutomationService.swift in Sources */ = {isa = PBXBuildFile; fileRef = 60BCA0E725C31F7A9460D90B /* AutomationService.swift */; };
		DC9A469D593CE70F78A9AFB3 /* ContentView.swift in Sources */ = {isa = PBXBuildFile; fileRef = B884406290CCC42A705E3D21 /* ContentView.swift */; };
		E0AB04DB37CE1B01851095CE /* RealContent.swift in Sources */ = {isa = PBXBuildFile; fileRef = 6F279C7648779893FB8CEE2E /* RealContent.swift */; };
		E3AB867B2C74619B2C9FD6A7 /* ObsidianSyncService.swift in Sources */ = {isa = PBXBuildFile; fileRef = 38D5B6A85B0DE24E828EC41D /* ObsidianSyncService.swift */; };
		E4567CEB85AC12B89611075A /* PricingView.swift in Sources */ = {isa = PBXBuildFile; fileRef = 68A000A9143B0D3E9DD09E10 /* PricingView.swift */; };
		F1675F944D95230E7EDD6796 /* VisionService.swift in Sources */ = {isa = PBXBuildFile; fileRef = 0588D907C35BEF8B596225CC /* VisionService.swift */; };
		F293A839047218FECD5F54B1 /* URLFetchService.swift in Sources */ = {isa = PBXBuildFile; fileRef = CE79D2D877BCE3C5B3270EA9 /* URLFetchService.swift */; };
		F6B8AC8063E44E82F464527B /* OnboardingView.swift in Sources */ = {isa = PBXBuildFile; fileRef = 56D4EE04F2434A18EB439375 /* OnboardingView.swift */; };
		F7BC3BD8E2FA49C676986E49 /* SyncService.swift in Sources */ = {isa = PBXBuildFile; fileRef = ADCF5477C27CBAEAA1DBD452 /* SyncService.swift */; };
		F7C66C9E23606C4A49817D98 /* FumeWidget.swift in Sources */ = {isa = PBXBuildFile; fileRef = E7875135FF1895D40DDAE141 /* FumeWidget.swift */; };
		FAF542B0210E41AC472669EC /* ObsidianSyncService.swift in Sources */ = {isa = PBXBuildFile; fileRef = 38D5B6A85B0DE24E828EC41D /* ObsidianSyncService.swift */; };
/* End PBXBuildFile section */

/* Begin PBXFileReference section */
		041C450BC8BA6BE0F11C93CB /* Info.plist */ = {isa = PBXFileReference; lastKnownFileType = text.plist; path = Info.plist; sourceTree = "<group>"; };
		0588D907C35BEF8B596225CC /* VisionService.swift */ = {isa = PBXFileReference; lastKnownFileType = sourcecode.swift; path = VisionService.swift; sourceTree = "<group>"; };
		08A11F60443E9F5A129710E2 /* ErrorStateViews.swift */ = {isa = PBXFileReference; lastKnownFileType = sourcecode.swift; path = ErrorStateViews.swift; sourceTree = "<group>"; };
		1624E8337BB6FDF97E2E670E /* FumeR12R20.swift */ = {isa = PBXFileReference; lastKnownFileType = sourcecode.swift; path = FumeR12R20.swift; sourceTree = "<group>"; };
		22D34E751DFA4D5C83E3FB45 /* AppStoreMetadata.md */ = {isa = PBXFileReference; lastKnownFileType = net.daringfireball.markdown; path = AppStoreMetadata.md; sourceTree = "<group>"; };
		38D5B6A85B0DE24E828EC41D /* ObsidianSyncService.swift */ = {isa = PBXFileReference; lastKnownFileType = sourcecode.swift; path = ObsidianSyncService.swift; sourceTree = "<group>"; };
		397EF9196610084E528D23E2 /* AIAnalysisView.swift */ = {isa = PBXFileReference; lastKnownFileType = sourcecode.swift; path = AIAnalysisView.swift; sourceTree = "<group>"; };
		3AACBDDAD1DBEF04FE2AE19A /* FumeMac.app */ = {isa = PBXFileReference; explicitFileType = wrapper.application; includeInIndex = 0; path = FumeMac.app; sourceTree = BUILT_PRODUCTS_DIR; };
		45267DDA3CBC97FFE73BB3FD /* EmbeddingService.swift */ = {isa = PBXFileReference; lastKnownFileType = sourcecode.swift; path = EmbeddingService.swift; sourceTree = "<group>"; };
		4B91113E75831605DE97026F /* FileImportService.swift */ = {isa = PBXFileReference; lastKnownFileType = sourcecode.swift; path = FileImportService.swift; sourceTree = "<group>"; };
		534561019EDDC30A1997B809 /* NetworkMonitor.swift */ = {isa = PBXFileReference; lastKnownFileType = sourcecode.swift; path = NetworkMonitor.swift; sourceTree = "<group>"; };
		5439EE72C610D04A5A969B6B /* AddContentSheet.swift */ = {isa = PBXFileReference; lastKnownFileType = sourcecode.swift; path = AddContentSheet.swift; sourceTree = "<group>"; };
		554DD9CFFD9B9044761D79A1 /* FumeApp.swift */ = {isa = PBXFileReference; lastKnownFileType = sourcecode.swift; path = FumeApp.swift; sourceTree = "<group>"; };
		55674E2733543D088675A97F /* NoteEnhancementService.swift */ = {isa = PBXFileReference; lastKnownFileType = sourcecode.swift; path = NoteEnhancementService.swift; sourceTree = "<group>"; };
		565BC094EFF70E4FEAD152EB /* HomeViewModel.swift */ = {isa = PBXFileReference; lastKnownFileType = sourcecode.swift; path = HomeViewModel.swift; sourceTree = "<group>"; };
		56D4EE04F2434A18EB439375 /* OnboardingView.swift */ = {isa = PBXFileReference; lastKnownFileType = sourcecode.swift; path = OnboardingView.swift; sourceTree = "<group>"; };
		58664ACE4BF6E9E7387B6737 /* SourceDetailView.swift */ = {isa = PBXFileReference; lastKnownFileType = sourcecode.swift; path = SourceDetailView.swift; sourceTree = "<group>"; };
		5A0DDA7E4943034B7152A083 /* FumeWidget.entitlements */ = {isa = PBXFileReference; lastKnownFileType = text.plist.entitlements; path = FumeWidget.entitlements; sourceTree = "<group>"; };
		60BCA0E725C31F7A9460D90B /* AutomationService.swift */ = {isa = PBXFileReference; lastKnownFileType = sourcecode.swift; path = AutomationService.swift; sourceTree = "<group>"; };
		68A000A9143B0D3E9DD09E10 /* PricingView.swift */ = {isa = PBXFileReference; lastKnownFileType = sourcecode.swift; path = PricingView.swift; sourceTree = "<group>"; };
		6F279C7648779893FB8CEE2E /* RealContent.swift */ = {isa = PBXFileReference; lastKnownFileType = sourcecode.swift; path = RealContent.swift; sourceTree = "<group>"; };
		6FA7DAA3C1E69A59D9D162F8 /* ExportService.swift */ = {isa = PBXFileReference; lastKnownFileType = sourcecode.swift; path = ExportService.swift; sourceTree = "<group>"; };
		708BB8697338DCEB234D7F6A /* SyncStatusView.swift */ = {isa = PBXFileReference; lastKnownFileType = sourcecode.swift; path = SyncStatusView.swift; sourceTree = "<group>"; };
		7C67A9128C4F4044D4DE0319 /* AppState.swift */ = {isa = PBXFileReference; lastKnownFileType = sourcecode.swift; path = AppState.swift; sourceTree = "<group>"; };
		7D86E3DDF41D2F33EFB1E804 /* Models.swift */ = {isa = PBXFileReference; lastKnownFileType = sourcecode.swift; path = Models.swift; sourceTree = "<group>"; };
		8D2A2B837E5EB585634FD596 /* Assets.xcassets */ = {isa = PBXFileReference; lastKnownFileType = folder.assetcatalog; path = Assets.xcassets; sourceTree = "<group>"; };
		947770CE0DFD971130928CF1 /* Info.plist */ = {isa = PBXFileReference; lastKnownFileType = text.plist; path = Info.plist; sourceTree = "<group>"; };
		A533079145153552F9C93F98 /* LibraryView.swift */ = {isa = PBXFileReference; lastKnownFileType = sourcecode.swift; path = LibraryView.swift; sourceTree = "<group>"; };
		ADCF5477C27CBAEAA1DBD452 /* SyncService.swift */ = {isa = PBXFileReference; lastKnownFileType = sourcecode.swift; path = SyncService.swift; sourceTree = "<group>"; };
		B2F3573AEBF3018B36CE903A /* FumeR12R20Service.swift */ = {isa = PBXFileReference; lastKnownFileType = sourcecode.swift; path = FumeR12R20Service.swift; sourceTree = "<group>"; };
		B884406290CCC42A705E3D21 /* ContentView.swift */ = {isa = PBXFileReference; lastKnownFileType = sourcecode.swift; path = ContentView.swift; sourceTree = "<group>"; };
		BD2D4E67AD6607D4E80D5307 /* IntelligenceService.swift */ = {isa = PBXFileReference; lastKnownFileType = sourcecode.swift; path = IntelligenceService.swift; sourceTree = "<group>"; };
		BF19493A3AA2DAA3CAA8C147 /* OnboardingStorage.swift */ = {isa = PBXFileReference; lastKnownFileType = sourcecode.swift; path = OnboardingStorage.swift; sourceTree = "<group>"; };
		BFB4A52A5AB490F5ABDC52A5 /* AddContentViewModel.swift */ = {isa = PBXFileReference; lastKnownFileType = sourcecode.swift; path = AddContentViewModel.swift; sourceTree = "<group>"; };
		BFFB0FB8624678124BFD3C83 /* DatabaseService.swift */ = {isa = PBXFileReference; lastKnownFileType = sourcecode.swift; path = DatabaseService.swift; sourceTree = "<group>"; };
		C7180E0CC1F16911B2671358 /* MacLibraryView.swift */ = {isa = PBXFileReference; lastKnownFileType = sourcecode.swift; path = MacLibraryView.swift; sourceTree = "<group>"; };
		C8A67A4E4D841534DF8DEFAB /* SpeechService.swift */ = {isa = PBXFileReference; lastKnownFileType = sourcecode.swift; path = SpeechService.swift; sourceTree = "<group>"; };
		CAC14FF0E6B8061D02ED5EF1 /* Fume.entitlements */ = {isa = PBXFileReference; lastKnownFileType = text.plist.entitlements; path = Fume.entitlements; sourceTree = "<group>"; };
		AAAA1111222233334444555566677788 /* PrivacyInfo.xcprivacy */ = {isa = PBXFileReference; lastKnownFileType = text.plist.xcprivacy; path = PrivacyInfo.xcprivacy; sourceTree = "<group>"; };
		CE79D2D877BCE3C5B3270EA9 /* URLFetchService.swift */ = {isa = PBXFileReference; lastKnownFileType = sourcecode.swift; path = URLFetchService.swift; sourceTree = "<group>"; };
		D01091D7B2BA2958DBCF2FB4 /* FumeWidget.appex */ = {isa = PBXFileReference; includeInIndex = 0; lastKnownFileType = "wrapper.app-extension"; path = FumeWidget.appex; sourceTree = BUILT_PRODUCTS_DIR; };
		DB4201DC25C852B2664DBE76 /* FumeMacApp.swift */ = {isa = PBXFileReference; lastKnownFileType = sourcecode.swift; path = FumeMacApp.swift; sourceTree = "<group>"; };
		DB4798541EA4B5BFFEE0CA3D /* FumeTheme.swift */ = {isa = PBXFileReference; lastKnownFileType = sourcecode.swift; path = FumeTheme.swift; sourceTree = "<group>"; };
		E385D46E09F092CBDE07EC74 /* FumeGraphics.swift */ = {isa = PBXFileReference; lastKnownFileType = sourcecode.swift; path = FumeGraphics.swift; sourceTree = "<group>"; };
		E7875135FF1895D40DDAE141 /* FumeWidget.swift */ = {isa = PBXFileReference; lastKnownFileType = sourcecode.swift; path = FumeWidget.swift; sourceTree = "<group>"; };
		EBB2DA8F5BAEF8E1E0A772E8 /* AIQueryService.swift */ = {isa = PBXFileReference; lastKnownFileType = sourcecode.swift; path = AIQueryService.swift; sourceTree = "<group>"; };
		F4499BC2FE4DEE5CAE49C999 /* LibraryViewModel.swift */ = {isa = PBXFileReference; lastKnownFileType = sourcecode.swift; path = LibraryViewModel.swift; sourceTree = "<group>"; };
		F7DE3D822B24E1B9C9CC23D3 /* CloudKit.framework */ = {isa = PBXFileReference; lastKnownFileType = wrapper.framework; path = CloudKit.framework; sourceTree = "<group>"; };
		FC1FBF32D3E7866505D3A4AD /* Fume.app */ = {isa = PBXFileReference; includeInIndex = 0; lastKnownFileType = wrapper.application; path = Fume.app; sourceTree = BUILT_PRODUCTS_DIR; };
		FCE75F734BCD4366FD9158BF /* HomeView.swift */ = {isa = PBXFileReference; lastKnownFileType = sourcecode.swift; path = HomeView.swift; sourceTree = "<group>"; };
/* End PBXFileReference section */

/* Begin PBXFrameworksBuildPhase section */
		330766BBE5D89C39FA5AE92B /* Frameworks */ = {
			isa = PBXFrameworksBuildPhase;
			buildActionMask = 2147483647;
			files = (
				49C60C387C99AB2EF2504338 /* SQLite in Frameworks */,
				12CFAA8B24642D9309EAA80E /* CloudKit.framework in Frameworks */,
			);
			runOnlyForDeploymentPostprocessing = 0;
		};
		AFC4ECD8931DF4832CB86A75 /* Frameworks */ = {
			isa = PBXFrameworksBuildPhase;
			buildActionMask = 2147483647;
			files = (
				C3D5AC9E788650AFD30E166B /* SQLite in Frameworks */,
				C127713FF4E27374330B451D /* CloudKit.framework in Frameworks */,
			);
			runOnlyForDeploymentPostprocessing = 0;
		};
/* End PBXFrameworksBuildPhase section */

/* Begin PBXGroup section */
		13B17471C7357F3AB8D340A0 = {
			isa = PBXGroup;
			children = (
				53D0ECFA536CAFC593B7A0CE /* FumeWidget */,
				26A84DC699E259C77A61B018 /* Resources */,
				EDCAC396E4F454D41FFF5626 /* Sources */,
				82FE51F1F52A4B87FACA4077 /* Sources */,
				390B5864F1719C011F12592B /* Frameworks */,
				6DB8C5544B531A956A2C6AB3 /* Products */,
			);
			sourceTree = "<group>";
		};
		26A84DC699E259C77A61B018 /* Resources */ = {
			isa = PBXGroup;
			children = (
				22D34E751DFA4D5C83E3FB45 /* AppStoreMetadata.md */,
				8D2A2B837E5EB585634FD596 /* Assets.xcassets */,
				CAC14FF0E6B8061D02ED5EF1 /* Fume.entitlements */,
				AAAA1111222233334444555566677788 /* PrivacyInfo.xcprivacy */,
				041C450BC8BA6BE0F11C93CB /* Info.plist */,
			);
			name = Resources;
			path = Fume/Resources;
			sourceTree = "<group>";
		};
		390B5864F1719C011F12592B /* Frameworks */ = {
			isa = PBXGroup;
			children = (
				F7DE3D822B24E1B9C9CC23D3 /* CloudKit.framework */,
			);
			name = Frameworks;
			sourceTree = "<group>";
		};
		3C7857047EA5FA5869B50253 /* ViewModels */ = {
			isa = PBXGroup;
			children = (
				BFB4A52A5AB490F5ABDC52A5 /* AddContentViewModel.swift */,
				565BC094EFF70E4FEAD152EB /* HomeViewModel.swift */,
				F4499BC2FE4DEE5CAE49C999 /* LibraryViewModel.swift */,
			);
			path = ViewModels;
			sourceTree = "<group>";
		};
		53D0ECFA536CAFC593B7A0CE /* FumeWidget */ = {
			isa = PBXGroup;
			children = (
				5A0DDA7E4943034B7152A083 /* FumeWidget.entitlements */,
				E7875135FF1895D40DDAE141 /* FumeWidget.swift */,
				947770CE0DFD971130928CF1 /* Info.plist */,
			);
			path = FumeWidget;
			sourceTree = "<group>";
		};
		54C74E5D0F910C0CE76AF680 /* App */ = {
			isa = PBXGroup;
			children = (
				7C67A9128C4F4044D4DE0319 /* AppState.swift */,
				554DD9CFFD9B9044761D79A1 /* FumeApp.swift */,
			);
			path = App;
			sourceTree = "<group>";
		};
		5BE05B01A544D58B1ECF8921 /* Utilities */ = {
			isa = PBXGroup;
			children = (
				DB4798541EA4B5BFFEE0CA3D /* FumeTheme.swift */,
				BF19493A3AA2DAA3CAA8C147 /* OnboardingStorage.swift */,
				6F279C7648779893FB8CEE2E /* RealContent.swift */,
			);
			path = Utilities;
			sourceTree = "<group>";
		};
		6DB8C5544B531A956A2C6AB3 /* Products */ = {
			isa = PBXGroup;
			children = (
				FC1FBF32D3E7866505D3A4AD /* Fume.app */,
				3AACBDDAD1DBEF04FE2AE19A /* FumeMac.app */,
				D01091D7B2BA2958DBCF2FB4 /* FumeWidget.appex */,
			);
			name = Products;
			sourceTree = "<group>";
		};
		6DE7FB3340D596028E194E8E /* Services */ = {
			isa = PBXGroup;
			children = (
				EBB2DA8F5BAEF8E1E0A772E8 /* AIQueryService.swift */,
				60BCA0E725C31F7A9460D90B /* AutomationService.swift */,
				BFFB0FB8624678124BFD3C83 /* DatabaseService.swift */,
				45267DDA3CBC97FFE73BB3FD /* EmbeddingService.swift */,
				6FA7DAA3C1E69A59D9D162F8 /* ExportService.swift */,
				4B91113E75831605DE97026F /* FileImportService.swift */,
				B2F3573AEBF3018B36CE903A /* FumeR12R20Service.swift */,
				BD2D4E67AD6607D4E80D5307 /* IntelligenceService.swift */,
				534561019EDDC30A1997B809 /* NetworkMonitor.swift */,
				55674E2733543D088675A97F /* NoteEnhancementService.swift */,
				38D5B6A85B0DE24E828EC41D /* ObsidianSyncService.swift */,
				C8A67A4E4D841534DF8DEFAB /* SpeechService.swift */,
				ADCF5477C27CBAEAA1DBD452 /* SyncService.swift */,
				CE79D2D877BCE3C5B3270EA9 /* URLFetchService.swift */,
				0588D907C35BEF8B596225CC /* VisionService.swift */,
			);
			path = Services;
			sourceTree = "<group>";
		};
		6EF0108E2EFCED510F70D51D /* Resources */ = {
			isa = PBXGroup;
			children = (
			);
			path = Resources;
			sourceTree = "<group>";
		};
		82FE51F1F52A4B87FACA4077 /* Sources */ = {
			isa = PBXGroup;
			children = (
				DB4201DC25C852B2664DBE76 /* FumeMacApp.swift */,
				C7180E0CC1F16911B2671358 /* MacLibraryView.swift */,
			);
			name = Sources;
			path = FumeMac/Sources;
			sourceTree = "<group>";
		};
		A4BD66682963868FA735ABB8 /* Models */ = {
			isa = PBXGroup;
			children = (
				1624E8337BB6FDF97E2E670E /* FumeR12R20.swift */,
				7D86E3DDF41D2F33EFB1E804 /* Models.swift */,
			);
			path = Models;
			sourceTree = "<group>";
		};
		E8915BF01BBA67436C86296B /* Views */ = {
			isa = PBXGroup;
			children = (
				5439EE72C610D04A5A969B6B /* AddContentSheet.swift */,
				397EF9196610084E528D23E2 /* AIAnalysisView.swift */,
				B884406290CCC42A705E3D21 /* ContentView.swift */,
				08A11F60443E9F5A129710E2 /* ErrorStateViews.swift */,
				E385D46E09F092CBDE07EC74 /* FumeGraphics.swift */,
				FCE75F734BCD4366FD9158BF /* HomeView.swift */,
				A533079145153552F9C93F98 /* LibraryView.swift */,
				56D4EE04F2434A18EB439375 /* OnboardingView.swift */,
				68A000A9143B0D3E9DD09E10 /* PricingView.swift */,
				58664ACE4BF6E9E7387B6737 /* SourceDetailView.swift */,
				708BB8697338DCEB234D7F6A /* SyncStatusView.swift */,
			);
			path = Views;
			sourceTree = "<group>";
		};
		EDCAC396E4F454D41FFF5626 /* Sources */ = {
			isa = PBXGroup;
			children = (
				54C74E5D0F910C0CE76AF680 /* App */,
				A4BD66682963868FA735ABB8 /* Models */,
				6EF0108E2EFCED510F70D51D /* Resources */,
				6DE7FB3340D596028E194E8E /* Services */,
				5BE05B01A544D58B1ECF8921 /* Utilities */,
				3C7857047EA5FA5869B50253 /* ViewModels */,
				E8915BF01BBA67436C86296B /* Views */,
			);
			name = Sources;
			path = Fume/Sources;
			sourceTree = "<group>";
		};
/* End PBXGroup section */

/* Begin PBXNativeTarget section */
		912864293913DD6B955DAE8C /* Fume */ = {
			isa = PBXNativeTarget;
			buildConfigurationList = 20E7D71037A4DCD84FD897EF /* Build configuration list for PBXNativeTarget "Fume" */;
			buildPhases = (
				EC170A4EC70C3D20B4FC53E6 /* Sources */,
				47FBE93BE9610B06F1D5805C /* Resources */,
				330766BBE5D89C39FA5AE92B /* Frameworks */,
			);
			buildRules = (
			);
			dependencies = (
			);
			name = Fume;
			packageProductDependencies = (
				D4265F11548E8CD216453E5F /* SQLite */,
			);
			productName = Fume;
			productReference = FC1FBF32D3E7866505D3A4AD /* Fume.app */;
			productType = "com.apple.product-type.application";
		};
		9E88242600D49FB62322CAED /* FumeMac */ = {
			isa = PBXNativeTarget;
			buildConfigurationList = 9FC0F218AC9E220B0D869188 /* Build configuration list for PBXNativeTarget "FumeMac" */;
			buildPhases = (
				B8922372DCF1FDDF080ACF62 /* Sources */,
				B0F9BA47A9DF9E518AD4ECB7 /* Resources */,
				AFC4ECD8931DF4832CB86A75 /* Frameworks */,
			);
			buildRules = (
			);
			dependencies = (
			);
			name = FumeMac;
			packageProductDependencies = (
				3BD586D6D0D56DC0C65F8F76 /* SQLite */,
			);
			productName = FumeMac;
			productReference = 3AACBDDAD1DBEF04FE2AE19A /* FumeMac.app */;
			productType = "com.apple.product-type.application";
		};
		FC71188B0268CB96F6AB71F5 /* FumeWidget */ = {
			isa = PBXNativeTarget;
			buildConfigurationList = 143FF038DA01AA4454FEE120 /* Build configuration list for PBXNativeTarget "FumeWidget" */;
			buildPhases = (
				06459D0E41C434F0DEE570B6 /* Sources */,
			);
			buildRules = (
			);
			dependencies = (
			);
			name = FumeWidget;
			productName = FumeWidget;
			productReference = D01091D7B2BA2958DBCF2FB4 /* FumeWidget.appex */;
			productType = "com.apple.product-type.app-extension";
		};
/* End PBXNativeTarget section */

/* Begin PBXProject section */
		C91220833C821CBA2CB60CDE /* Project object */ = {
			isa = PBXProject;
			attributes = {
				BuildIndependentTargetsInParallel = YES;
				LastUpgradeCheck = 1600;
				TargetAttributes = {
					912864293913DD6B955DAE8C = {
						DevelopmentTeam = "";
					};
					9E88242600D49FB62322CAED = {
						DevelopmentTeam = "";
					};
					FC71188B0268CB96F6AB71F5 = {
						DevelopmentTeam = "";
					};
				};
			};
			buildConfigurationList = D7E26FC25B9CE652A1689A10 /* Build configuration list for PBXProject "Fume" */;
			compatibilityVersion = "Xcode 14.0";
			developmentRegion = en;
			hasScannedForEncodings = 0;
			knownRegions = (
				Base,
				en,
			);
			mainGroup = 13B17471C7357F3AB8D340A0;
			packageReferences = (
				815B8FC768D51FBD5148B216 /* XCRemoteSwiftPackageReference "SQLite.swift" */,
			);
			projectDirPath = "";
			projectRoot = "";
			targets = (
				912864293913DD6B955DAE8C /* Fume */,
				9E88242600D49FB62322CAED /* FumeMac */,
				FC71188B0268CB96F6AB71F5 /* FumeWidget */,
			);
		};
/* End PBXProject section */

/* Begin PBXResourcesBuildPhase section */
		47FBE93BE9610B06F1D5805C /* Resources */ = {
			isa = PBXResourcesBuildPhase;
			buildActionMask = 2147483647;
			files = (
				13B4E5FC044365615ED2A215 /* AppStoreMetadata.md in Resources */,
				9D40362A35F69355D2E19DB9 /* Assets.xcassets in Resources */,
			);
			runOnlyForDeploymentPostprocessing = 0;
		};
		B0F9BA47A9DF9E518AD4ECB7 /* Resources */ = {
			isa = PBXResourcesBuildPhase;
			buildActionMask = 2147483647;
			files = (
				25467E78CA3C92573E210004 /* AppStoreMetadata.md in Resources */,
				AAED34899BDEC9A2BEBF63A1 /* Assets.xcassets in Resources */,
				C041839171CFF27173EEC9F3 /* Info.plist in Resources */,
				BBBB1111222233334444555566677788 /* PrivacyInfo.xcprivacy in Resources */,
			);
			runOnlyForDeploymentPostprocessing = 0;
		};
/* End PBXResourcesBuildPhase section */

/* Begin PBXSourcesBuildPhase section */
		06459D0E41C434F0DEE570B6 /* Sources */ = {
			isa = PBXSourcesBuildPhase;
			buildActionMask = 2147483647;
			files = (
				F7C66C9E23606C4A49817D98 /* FumeWidget.swift in Sources */,
			);
			runOnlyForDeploymentPostprocessing = 0;
		};
		B8922372DCF1FDDF080ACF62 /* Sources */ = {
			isa = PBXSourcesBuildPhase;
			buildActionMask = 2147483647;
			files = (
				84A2EA389278D68699F3BCD4 /* AIQueryService.swift in Sources */,
				576CFB7EA3350CAEFE83E3B1 /* AppState.swift in Sources */,
				CF1789FB9F4C2F1019CC98EB /* AutomationService.swift in Sources */,
				7132CB86A3852255111E42AB /* DatabaseService.swift in Sources */,
				1BC43AB1140F176667FC60D3 /* EmbeddingService.swift in Sources */,
				3963FAFFCC3522592A14F887 /* ErrorStateViews.swift in Sources */,
				B7445C156E5C5AA514BB2256 /* FileImportService.swift in Sources */,
				A47C8870FF032E00CBD92DB9 /* FumeGraphics.swift in Sources */,
				4BBDD3EC04FD95D00327AD3C /* FumeMacApp.swift in Sources */,
				34704CD712BE7E1599AEA67D /* FumeR12R20.swift in Sources */,
				A23C32E1532AF5826EFC1159 /* FumeR12R20Service.swift in Sources */,
				B1E6B7B4C4C4BF42CB1D2898 /* FumeTheme.swift in Sources */,
				C38AACF5D323194FE6F2EB05 /* HomeViewModel.swift in Sources */,
				AA9785D4C21C05A7DD44E137 /* IntelligenceService.swift in Sources */,
				4ECEEF9264B8D638490AAAD0 /* LibraryViewModel.swift in Sources */,
				90077EB68CBE4201119BA1C1 /* MacLibraryView.swift in Sources */,
				730D34B99BB5DD4A8BC813D6 /* Models.swift in Sources */,
				57896B27A02A8153F6F767E1 /* NetworkMonitor.swift in Sources */,
				0A08A8BA7F4ACCB3FE4C1DBC /* NoteEnhancementService.swift in Sources */,
				FAF542B0210E41AC472669EC /* ObsidianSyncService.swift in Sources */,
				4D23424358EDD4746C4AA2DD /* OnboardingStorage.swift in Sources */,
				5BCE5EDE1053C38380AC0158 /* RealContent.swift in Sources */,
				F7BC3BD8E2FA49C676986E49 /* SyncService.swift in Sources */,
			);
			runOnlyForDeploymentPostprocessing = 0;
		};
		EC170A4EC70C3D20B4FC53E6 /* Sources */ = {
			isa = PBXSourcesBuildPhase;
			buildActionMask = 2147483647;
			files = (
				4C2F5E408F43D21E626CC2BC /* AIAnalysisView.swift in Sources */,
				A9C8FBF4E79001CB2360EFA9 /* AIQueryService.swift in Sources */,
				ABAF1D24086E56BBDD1F205A /* AddContentSheet.swift in Sources */,
				3F82BCB2329FFFD422164A21 /* AddContentViewModel.swift in Sources */,
				C2CCD172B22967C3E87AA742 /* AppState.swift in Sources */,
				2E3433344DE863B57B680931 /* AutomationService.swift in Sources */,
				DC9A469D593CE70F78A9AFB3 /* ContentView.swift in Sources */,
				25120B71D21FA4FF2623278E /* DatabaseService.swift in Sources */,
				09E4FEFAD3FB336B56E75817 /* EmbeddingService.swift in Sources */,
				A30402C0BEEC1FDECBC840DD /* ErrorStateViews.swift in Sources */,
				6C2A042C3DF87BAEE00DF4AF /* ExportService.swift in Sources */,
				4809FAF79C96A88A7574AC85 /* FileImportService.swift in Sources */,
				312766EAA5B39DD3F117C967 /* FumeApp.swift in Sources */,
				945853A048CC303D24093F12 /* FumeGraphics.swift in Sources */,
				20647A025FE661C61B0524C9 /* FumeR12R20.swift in Sources */,
				3057C893CCFF8CB30C195302 /* FumeR12R20Service.swift in Sources */,
				41B420644CA7F688F7061E00 /* FumeTheme.swift in Sources */,
				35FE8DA5FFE3E08C3C1215C9 /* HomeView.swift in Sources */,
				82E3FB5C9EFA0AA7430ABE38 /* HomeViewModel.swift in Sources */,
				BFD0B2FC716B7BC382862C2E /* IntelligenceService.swift in Sources */,
				B7A0A8411AEB3255A6612CE4 /* LibraryView.swift in Sources */,
				22F5A8351B0C4B9243703708 /* LibraryViewModel.swift in Sources */,
				8C03A0B7BE7EDC4D4F7AE809 /* Models.swift in Sources */,
				9FC161ECA1A965A4EE71FA34 /* NetworkMonitor.swift in Sources */,
				BD3836120ACE18D4252FF656 /* NoteEnhancementService.swift in Sources */,
				E3AB867B2C74619B2C9FD6A7 /* ObsidianSyncService.swift in Sources */,
				9AEEF39791A25DF3AA63989F /* OnboardingStorage.swift in Sources */,
				F6B8AC8063E44E82F464527B /* OnboardingView.swift in Sources */,
				E4567CEB85AC12B89611075A /* PricingView.swift in Sources */,
				E0AB04DB37CE1B01851095CE /* RealContent.swift in Sources */,
				5E429466ED639ED23F7CCD0C /* SourceDetailView.swift in Sources */,
				94643BE84E0CA325D060FC9C /* SpeechService.swift in Sources */,
				8E1E8416DA73A2E2110E1D9C /* SyncService.swift in Sources */,
				2691F64ABD346EC1930D1DFB /* SyncStatusView.swift in Sources */,
				F293A839047218FECD5F54B1 /* URLFetchService.swift in Sources */,
				F1675F944D95230E7EDD6796 /* VisionService.swift in Sources */,
			);
			runOnlyForDeploymentPostprocessing = 0;
		};
/* End PBXSourcesBuildPhase section */

/* Begin XCBuildConfiguration section */
		03DC53568948D69DD0C8C938 /* Release */ = {
			isa = XCBuildConfiguration;
			buildSettings = {
				ASSETCATALOG_COMPILER_APPICON_NAME = AppIcon;
				ASSETCATALOG_COMPILER_GLOBAL_ACCENT_COLOR_NAME = AccentColor;
				CODE_SIGNING_ALLOWED = NO;
				CODE_SIGNING_REQUIRED = NO;
				CODE_SIGN_ENTITLEMENTS = FumeMac/FumeMac.entitlements;
				CODE_SIGN_IDENTITY = "-";
				COMBINE_HIDPI_IMAGES = YES;
				ENABLE_PREVIEWS = YES;
				FRAMEWORK_SEARCH_PATHS = (
					"$(inherited)",
					"\".\"",
				);
				INFOPLIST_FILE = FumeMac/Info.plist;
				LD_RUNPATH_SEARCH_PATHS = "$(inherited) @executable_path/Frameworks";
				PRODUCT_BUNDLE_IDENTIFIER = com.fume.app.mac;
				SDKROOT = macosx;
				TARGETED_DEVICE_FAMILY = 2;
			};
			name = Release;
		};
		1449D12121900323603E2663 /* Debug */ = {
			isa = XCBuildConfiguration;
			buildSettings = {
				ASSETCATALOG_COMPILER_APPICON_NAME = AppIcon;
				ASSETCATALOG_COMPILER_GLOBAL_ACCENT_COLOR_NAME = AccentColor;
				CODE_SIGN_ENTITLEMENTS = Fume/Resources/Fume.entitlements;
				CODE_SIGN_IDENTITY = "iPhone Developer";
				ENABLE_PREVIEWS = YES;
				FRAMEWORK_SEARCH_PATHS = (
					"$(inherited)",
					"\".\"",
				);
				INFOPLIST_FILE = Fume/Resources/Info.plist;
				LD_RUNPATH_SEARCH_PATHS = "$(inherited) @executable_path/Frameworks";
				PRODUCT_BUNDLE_IDENTIFIER = com.fume.app;
				SDKROOT = iphoneos;
				SUPPORTS_XR_DESIGNED_FOR_IPHONE_IPAD = NO;
				TARGETED_DEVICE_FAMILY = "1,2";
			};
			name = Debug;
		};
		2C794CEA62F87C39A15B8657 /* Release */ = {
			isa = XCBuildConfiguration;
			buildSettings = {
				ASSETCATALOG_COMPILER_WIDGET_BACKGROUND_COLOR_NAME = WidgetBackground;
				CODE_SIGN_ENTITLEMENTS = FumeWidget/FumeWidget.entitlements;
				INFOPLIST_FILE = FumeWidget/Info.plist;
				LD_RUNPATH_SEARCH_PATHS = "$(inherited) @executable_path/Frameworks @executable_path/../../Frameworks";
				PRODUCT_BUNDLE_IDENTIFIER = com.fume.app.widget;
				SDKROOT = iphoneos;
				SKIP_INSTALL = YES;
				TARGETED_DEVICE_FAMILY = "1,2";
			};
			name = Release;
		};
		351AA7F7601F8A80CB181D19 /* Debug */ = {
			isa = XCBuildConfiguration;
			buildSettings = {
				ALWAYS_SEARCH_USER_PATHS = NO;
				CLANG_ANALYZER_NONNULL = YES;
				CLANG_ANALYZER_NUMBER_OBJECT_CONVERSION = YES_AGGRESSIVE;
				CLANG_CXX_LANGUAGE_STANDARD = "gnu++14";
				CLANG_CXX_LIBRARY = "libc++";
				CLANG_ENABLE_MODULES = YES;
				CLANG_ENABLE_OBJC_ARC = YES;
				CLANG_ENABLE_OBJC_WEAK = YES;
				CLANG_WARN_BLOCK_CAPTURE_AUTORELEASING = YES;
				CLANG_WARN_BOOL_CONVERSION = YES;
				CLANG_WARN_COMMA = YES;
				CLANG_WARN_CONSTANT_CONVERSION = YES;
				CLANG_WARN_DEPRECATED_OBJC_IMPLEMENTATIONS = YES;
				CLANG_WARN_DIRECT_OBJC_ISA_USAGE = YES_ERROR;
				CLANG_WARN_DOCUMENTATION_COMMENTS = YES;
				CLANG_WARN_EMPTY_BODY = YES;
				CLANG_WARN_ENUM_CONVERSION = YES;
				CLANG_WARN_INFINITE_RECURSION = YES;
				CLANG_WARN_INT_CONVERSION = YES;
				CLANG_WARN_NON_LITERAL_NULL_CONVERSION = YES;
				CLANG_WARN_OBJC_IMPLICIT_RETAIN_SELF = YES;
				CLANG_WARN_OBJC_LITERAL_CONVERSION = YES;
				CLANG_WARN_OBJC_ROOT_CLASS = YES_ERROR;
				CLANG_WARN_QUOTED_INCLUDE_IN_FRAMEWORK_HEADER = YES;
				CLANG_WARN_RANGE_LOOP_ANALYSIS = YES;
				CLANG_WARN_STRICT_PROTOTYPES = YES;
				CLANG_WARN_SUSPICIOUS_MOVE = YES;
				CLANG_WARN_UNGUARDED_AVAILABILITY = YES_AGGRESSIVE;
				CLANG_WARN_UNREACHABLE_CODE = YES;
				CLANG_WARN__DUPLICATE_METHOD_MATCH = YES;
				CODE_SIGNING_REQUIRED = NO;
				CODE_SIGN_ENTITLEMENTS = "";
				CODE_SIGN_IDENTITY = "";
				COPY_PHASE_STRIP = NO;
				CURRENT_PROJECT_VERSION = 1;
				DEBUG_INFORMATION_FORMAT = dwarf;
				DEVELOPMENT_TEAM = "";
				ENABLE_STRICT_OBJC_MSGSEND = YES;
				ENABLE_TESTABILITY = YES;
				GCC_C_LANGUAGE_STANDARD = gnu11;
				GCC_DYNAMIC_NO_PIC = NO;
				GCC_NO_COMMON_BLOCKS = YES;
				GCC_OPTIMIZATION_LEVEL = 0;
				GCC_PREPROCESSOR_DEFINITIONS = (
					"$(inherited)",
					"DEBUG=1",
				);
				GCC_WARN_64_TO_32_BIT_CONVERSION = YES;
				GCC_WARN_ABOUT_RETURN_TYPE = YES_ERROR;
				GCC_WARN_UNDECLARED_SELECTOR = YES;
				GCC_WARN_UNINITIALIZED_AUTOS = YES_AGGRESSIVE;
				GCC_WARN_UNUSED_FUNCTION = YES;
				GCC_WARN_UNUSED_VARIABLE = YES;
				IPHONEOS_DEPLOYMENT_TARGET = 26.0;
				MACOSX_DEPLOYMENT_TARGET = 15.0;
				MARKETING_VERSION = 1.0.0;
				MTL_ENABLE_DEBUG_INFO = INCLUDE_SOURCE;
				MTL_FAST_MATH = YES;
				ONLY_ACTIVE_ARCH = YES;
				PRODUCT_NAME = "$(TARGET_NAME)";
				SWIFT_ACTIVE_COMPILATION_CONDITIONS = DEBUG;
				SWIFT_OPTIMIZATION_LEVEL = "-Onone";
				SWIFT_VERSION = 6.0;
			};
			name = Debug;
		};
		7DC4AD8B4A9361A8A03893E4 /* Release */ = {
			isa = XCBuildConfiguration;
			buildSettings = {
				ALWAYS_SEARCH_USER_PATHS = NO;
				CLANG_ANALYZER_NONNULL = YES;
				CLANG_ANALYZER_NUMBER_OBJECT_CONVERSION = YES_AGGRESSIVE;
				CLANG_CXX_LANGUAGE_STANDARD = "gnu++14";
				CLANG_CXX_LIBRARY = "libc++";
				CLANG_ENABLE_MODULES = YES;
				CLANG_ENABLE_OBJC_ARC = YES;
				CLANG_ENABLE_OBJC_WEAK = YES;
				CLANG_WARN_BLOCK_CAPTURE_AUTORELEASING = YES;
				CLANG_WARN_BOOL_CONVERSION = YES;
				CLANG_WARN_COMMA = YES;
				CLANG_WARN_CONSTANT_CONVERSION = YES;
				CLANG_WARN_DEPRECATED_OBJC_IMPLEMENTATIONS = YES;
				CLANG_WARN_DIRECT_OBJC_ISA_USAGE = YES_ERROR;
				CLANG_WARN_DOCUMENTATION_COMMENTS = YES;
				CLANG_WARN_EMPTY_BODY = YES;
				CLANG_WARN_ENUM_CONVERSION = YES;
				CLANG_WARN_INFINITE_RECURSION = YES;
				CLANG_WARN_INT_CONVERSION = YES;
				CLANG_WARN_NON_LITERAL_NULL_CONVERSION = YES;
				CLANG_WARN_OBJC_IMPLICIT_RETAIN_SELF = YES;
				CLANG_WARN_OBJC_LITERAL_CONVERSION = YES;
				CLANG_WARN_OBJC_ROOT_CLASS = YES_ERROR;
				CLANG_WARN_QUOTED_INCLUDE_IN_FRAMEWORK_HEADER = YES;
				CLANG_WARN_RANGE_LOOP_ANALYSIS = YES;
				CLANG_WARN_STRICT_PROTOTYPES = YES;
				CLANG_WARN_SUSPICIOUS_MOVE = YES;
				CLANG_WARN_UNGUARDED_AVAILABILITY = YES_AGGRESSIVE;
				CLANG_WARN_UNREACHABLE_CODE = YES;
				CLANG_WARN__DUPLICATE_METHOD_MATCH = YES;
				CODE_SIGNING_REQUIRED = NO;
				CODE_SIGN_ENTITLEMENTS = "";
				CODE_SIGN_IDENTITY = "";
				COPY_PHASE_STRIP = NO;
				CURRENT_PROJECT_VERSION = 1;
				DEBUG_INFORMATION_FORMAT = "dwarf-with-dsym";
				DEVELOPMENT_TEAM = "";
				ENABLE_NS_ASSERTIONS = NO;
				ENABLE_STRICT_OBJC_MSGSEND = YES;
				GCC_C_LANGUAGE_STANDARD = gnu11;
				GCC_NO_COMMON_BLOCKS = YES;
				GCC_WARN_64_TO_32_BIT_CONVERSION = YES;
				GCC_WARN_ABOUT_RETURN_TYPE = YES_ERROR;
				GCC_WARN_UNDECLARED_SELECTOR = YES;
				GCC_WARN_UNINITIALIZED_AUTOS = YES_AGGRESSIVE;
				GCC_WARN_UNUSED_FUNCTION = YES;
				GCC_WARN_UNUSED_VARIABLE = YES;
				IPHONEOS_DEPLOYMENT_TARGET = 26.0;
				MACOSX_DEPLOYMENT_TARGET = 15.0;
				MARKETING_VERSION = 1.0.0;
				MTL_ENABLE_DEBUG_INFO = NO;
				MTL_FAST_MATH = YES;
				PRODUCT_NAME = "$(TARGET_NAME)";
				SWIFT_COMPILATION_MODE = wholemodule;
				SWIFT_OPTIMIZATION_LEVEL = "-O";
				SWIFT_VERSION = 6.0;
			};
			name = Release;
		};
		8CA49CDA9EA83DE3B3530ED2 /* Release */ = {
			isa = XCBuildConfiguration;
			buildSettings = {
				ASSETCATALOG_COMPILER_APPICON_NAME = AppIcon;
				ASSETCATALOG_COMPILER_GLOBAL_ACCENT_COLOR_NAME = AccentColor;
				CODE_SIGN_ENTITLEMENTS = Fume/Resources/Fume.entitlements;
				CODE_SIGN_IDENTITY = "iPhone Developer";
				ENABLE_PREVIEWS = YES;
				FRAMEWORK_SEARCH_PATHS = (
					"$(inherited)",
					"\".\"",
				);
				INFOPLIST_FILE = Fume/Resources/Info.plist;
				LD_RUNPATH_SEARCH_PATHS = "$(inherited) @executable_path/Frameworks";
				PRODUCT_BUNDLE_IDENTIFIER = com.fume.app;
				SDKROOT = iphoneos;
				SUPPORTS_XR_DESIGNED_FOR_IPHONE_IPAD = NO;
				TARGETED_DEVICE_FAMILY = "1,2";
			};
			name = Release;
		};
		B6783A3E987C576C1FBEF1F6 /* Debug */ = {
			isa = XCBuildConfiguration;
			buildSettings = {
				ASSETCATALOG_COMPILER_APPICON_NAME = AppIcon;
				ASSETCATALOG_COMPILER_GLOBAL_ACCENT_COLOR_NAME = AccentColor;
				CODE_SIGNING_ALLOWED = NO;
				CODE_SIGNING_REQUIRED = NO;
				CODE_SIGN_ENTITLEMENTS = FumeMac/FumeMac.entitlements;
				CODE_SIGN_IDENTITY = "-";
				COMBINE_HIDPI_IMAGES = YES;
				ENABLE_PREVIEWS = YES;
				FRAMEWORK_SEARCH_PATHS = (
					"$(inherited)",
					"\".\"",
				);
				INFOPLIST_FILE = FumeMac/Info.plist;
				LD_RUNPATH_SEARCH_PATHS = "$(inherited) @executable_path/Frameworks";
				PRODUCT_BUNDLE_IDENTIFIER = com.fume.app.mac;
				SDKROOT = macosx;
				TARGETED_DEVICE_FAMILY = 2;
			};
			name = Debug;
		};
		F882EB71C0333BC7F1ED80D4 /* Debug */ = {
			isa = XCBuildConfiguration;
			buildSettings = {
				ASSETCATALOG_COMPILER_WIDGET_BACKGROUND_COLOR_NAME = WidgetBackground;
				CODE_SIGN_ENTITLEMENTS = FumeWidget/FumeWidget.entitlements;
				INFOPLIST_FILE = FumeWidget/Info.plist;
				LD_RUNPATH_SEARCH_PATHS = "$(inherited) @executable_path/Frameworks @executable_path/../../Frameworks";
				PRODUCT_BUNDLE_IDENTIFIER = com.fume.app.widget;
				SDKROOT = iphoneos;
				SKIP_INSTALL = YES;
				TARGETED_DEVICE_FAMILY = "1,2";
			};
			name = Debug;
		};
/* End XCBuildConfiguration section */

/* Begin XCConfigurationList section */
		143FF038DA01AA4454FEE120 /* Build configuration list for PBXNativeTarget "FumeWidget" */ = {
			isa = XCConfigurationList;
			buildConfigurations = (
				F882EB71C0333BC7F1ED80D4 /* Debug */,
				2C794CEA62F87C39A15B8657 /* Release */,
			);
			defaultConfigurationIsVisible = 0;
			defaultConfigurationName = Debug;
		};
		20E7D71037A4DCD84FD897EF /* Build configuration list for PBXNativeTarget "Fume" */ = {
			isa = XCConfigurationList;
			buildConfigurations = (
				1449D12121900323603E2663 /* Debug */,
				8CA49CDA9EA83DE3B3530ED2 /* Release */,
			);
			defaultConfigurationIsVisible = 0;
			defaultConfigurationName = Debug;
		};
		9FC0F218AC9E220B0D869188 /* Build configuration list for PBXNativeTarget "FumeMac" */ = {
			isa = XCConfigurationList;
			buildConfigurations = (
				B6783A3E987C576C1FBEF1F6 /* Debug */,
				03DC53568948D69DD0C8C938 /* Release */,
			);
			defaultConfigurationIsVisible = 0;
			defaultConfigurationName = Debug;
		};
		D7E26FC25B9CE652A1689A10 /* Build configuration list for PBXProject "Fume" */ = {
			isa = XCConfigurationList;
			buildConfigurations = (
				351AA7F7601F8A80CB181D19 /* Debug */,
				7DC4AD8B4A9361A8A03893E4 /* Release */,
			);
			defaultConfigurationIsVisible = 0;
			defaultConfigurationName = Debug;
		};
/* End XCConfigurationList section */

/* Begin XCRemoteSwiftPackageReference section */
		815B8FC768D51FBD5148B216 /* XCRemoteSwiftPackageReference "SQLite.swift" */ = {
			isa = XCRemoteSwiftPackageReference;
			repositoryURL = "https://github.com/stephencelis/SQLite.swift";
			requirement = {
				kind = exactVersion;
				version = 0.15.3;
			};
		};
/* End XCRemoteSwiftPackageReference section */

/* Begin XCSwiftPackageProductDependency section */
		3BD586D6D0D56DC0C65F8F76 /* SQLite */ = {
			isa = XCSwiftPackageProductDependency;
			package = 815B8FC768D51FBD5148B216 /* XCRemoteSwiftPackageReference "SQLite.swift" */;
			productName = SQLite;
		};
		D4265F11548E8CD216453E5F /* SQLite */ = {
			isa = XCSwiftPackageProductDependency;
			package = 815B8FC768D51FBD5148B216 /* XCRemoteSwiftPackageReference "SQLite.swift" */;
			productName = SQLite;
		};
/* End XCSwiftPackageProductDependency section */
	};
	rootObject = C91220833C821CBA2CB60CDE /* Project object */;
}
